// !$*UTF8*$!
{
	archiveVersion = 1;
	classes = {
	};
	objectVersion = 48;
	objects = {

/* Begin PBXBuildFile section */
		068486BB20392CF4000ABAB2 /* cat04.jpg in Resources */ = {isa = PBXBuildFile; fileRef = 068486BA20392CF3000ABAB2 /* cat04.jpg */; };
		069F153920395663000CAE14 /* cat01.jpg in Resources */ = {isa = PBXBuildFile; fileRef = 069F153820395663000CAE14 /* cat01.jpg */; };
		069F153B2039567E000CAE14 /* cat02.jpg in Resources */ = {isa = PBXBuildFile; fileRef = 069F153A2039567E000CAE14 /* cat02.jpg */; };
		069F153D20395691000CAE14 /* cat03.jpg in Resources */ = {isa = PBXBuildFile; fileRef = 069F153C20395691000CAE14 /* cat03.jpg */; };
		069F153F20398DC3000CAE14 /* zoomImageViewController.swift in Sources */ = {isa = PBXBuildFile; fileRef = 069F153E20398DC3000CAE14 /* zoomImageViewController.swift */; };
		06BF498E2039045100EF5148 /* AppDelegate.swift in Sources */ = {isa = PBXBuildFile; fileRef = 06BF498D2039045100EF5148 /* AppDelegate.swift */; };
		06BF49902039045100EF5148 /* ViewController.swift in Sources */ = {isa = PBXBuildFile; fileRef = 06BF498F2039045100EF5148 /* ViewController.swift */; };
		06BF49932039045100EF5148 /* Main.storyboard in Resources */ = {isa = PBXBuildFile; fileRef = 06BF49912039045100EF5148 /* Main.storyboard */; };
		06BF49952039045100EF5148 /* Assets.xcassets in Resources */ = {isa = PBXBuildFile; fileRef = 06BF49942039045100EF5148 /* Assets.xcassets */; };
		06BF49982039045100EF5148 /* LaunchScreen.storyboard in Resources */ = {isa = PBXBuildFile; fileRef = 06BF49962039045100EF5148 /* LaunchScreen.storyboard */; };
		06BF49A32039045100EF5148 /* SlideshowAppTests.swift in Sources */ = {isa = PBXBuildFile; fileRef = 06BF49A22039045100EF5148 /* SlideshowAppTests.swift */; };
		06BF49AE2039045100EF5148 /* SlideshowAppUITests.swift in Sources */ = {isa = PBXBuildFile; fileRef = 06BF49AD2039045100EF5148 /* SlideshowAppUITests.swift */; };
/* End PBXBuildFile section */

/* Begin PBXContainerItemProxy section */
		06BF499F2039045100EF5148 /* PBXContainerItemProxy */ = {
			isa = PBXContainerItemProxy;
			containerPortal = 06BF49822039045100EF5148 /* Project object */;
			proxyType = 1;
			remoteGlobalIDString = 06BF49892039045100EF5148;
			remoteInfo = SlidedhowApp;
		};
		06BF49AA2039045100EF5148 /* PBXContainerItemProxy */ = {
			isa = PBXContainerItemProxy;
			containerPortal = 06BF49822039045100EF5148 /* Project object */;
			proxyType = 1;
			remoteGlobalIDString = 06BF49892039045100EF5148;
			remoteInfo = SlidedhowApp;
		};
/* End PBXContainerItemProxy section */

/* Begin PBXFileReference section */
		068486BA20392CF3000ABAB2 /* cat04.jpg */ = {isa = PBXFileReference; lastKnownFileType = image.jpeg; path = cat04.jpg; sourceTree = "<group>"; };
		069F153820395663000CAE14 /* cat01.jpg */ = {isa = PBXFileReference; lastKnownFileType = image.jpeg; path = cat01.jpg; sourceTree = "<group>"; };
		069F153A2039567E000CAE14 /* cat02.jpg */ = {isa = PBXFileReference; lastKnownFileType = image.jpeg; path = cat02.jpg; sourceTree = "<group>"; };
		069F153C20395691000CAE14 /* cat03.jpg */ = {isa = PBXFileReference; lastKnownFileType = image.jpeg; path = cat03.jpg; sourceTree = "<group>"; };
		069F153E20398DC3000CAE14 /* zoomImageViewController.swift */ = {isa = PBXFileReference; lastKnownFileType = sourcecode.swift; path = zoomImageViewController.swift; sourceTree = "<group>"; };
		06BF498A2039045100EF5148 /* SlideshowApp.app */ = {isa = PBXFileReference; explicitFileType = wrapper.application; includeInIndex = 0; path = SlideshowApp.app; sourceTree = BUILT_PRODUCTS_DIR; };
		06BF498D2039045100EF5148 /* AppDelegate.swift */ = {isa = PBXFileReference; lastKnownFileType = sourcecode.swift; path = AppDelegate.swift; sourceTree = "<group>"; };
		06BF498F2039045100EF5148 /* ViewController.swift */ = {isa = PBXFileReference; lastKnownFileType = sourcecode.swift; path = ViewController.swift; sourceTree = "<group>"; };
		06BF49922039045100EF5148 /* Base */ = {isa = PBXFileReference; lastKnownFileType = file.storyboard; name = Base; path = Base.lproj/Main.storyboard; sourceTree = "<group>"; };
		06BF49942039045100EF5148 /* Assets.xcassets */ = {isa = PBXFileReference; lastKnownFileType = folder.assetcatalog; path = Assets.xcassets; sourceTree = "<group>"; };
		06BF49972039045100EF5148 /* Base */ = {isa = PBXFileReference; lastKnownFileType = file.storyboard; name = Base; path = Base.lproj/LaunchScreen.storyboard; sourceTree = "<group>"; };
		06BF49992039045100EF5148 /* Info.plist */ = {isa = PBXFileReference; lastKnownFileType = text.plist.xml; path = Info.plist; sourceTree = "<group>"; };
		06BF499E2039045100EF5148 /* SlideshowAppTests.xctest */ = {isa = PBXFileReference; explicitFileType = wrapper.cfbundle; includeInIndex = 0; path = SlideshowAppTests.xctest; sourceTree = BUILT_PRODUCTS_DIR; };
		06BF49A22039045100EF5148 /* SlideshowAppTests.swift */ = {isa = PBXFileReference; lastKnownFileType = sourcecode.swift; path = SlideshowAppTests.swift; sourceTree = "<group>"; };
		06BF49A42039045100EF5148 /* Info.plist */ = {isa = PBXFileReference; lastKnownFileType = text.plist.xml; path = Info.plist; sourceTree = "<group>"; };
		06BF49A92039045100EF5148 /* SlideshowAppUITests.xctest */ = {isa = PBXFileReference; explicitFileType = wrapper.cfbundle; includeInIndex = 0; path = SlideshowAppUITests.xctest; sourceTree = BUILT_PRODUCTS_DIR; };
		06BF49AD2039045100EF5148 /* SlideshowAppUITests.swift */ = {isa = PBXFileReference; lastKnownFileType = sourcecode.swift; path = SlideshowAppUITests.swift; sourceTree = "<group>"; };
		06BF49AF2039045100EF5148 /* Info.plist */ = {isa = PBXFileReference; lastKnownFileType = text.plist.xml; path = Info.plist; sourceTree = "<group>"; };
		06BF49C1203919A200EF5148 /* ja */ = {isa = PBXFileReference; lastKnownFileType = text.plist.strings; name = ja; path = ja.lproj/Main.strings; sourceTree = "<group>"; };
		06BF49C2203919A200EF5148 /* ja */ = {isa = PBXFileReference; lastKnownFileType = text.plist.strings; name = ja; path = ja.lproj/LaunchScreen.strings; sourceTree = "<group>"; };
/* End PBXFileReference section */

/* Begin PBXFrameworksBuildPhase section */
		06BF49872039045100EF5148 /* Frameworks */ = {
			isa = PBXFrameworksBuildPhase;
			buildActionMask = 2147483647;
			files = (
			);
			runOnlyForDeploymentPostprocessing = 0;
		};
		06BF499B2039045100EF5148 /* Frameworks */ = {
			isa = PBXFrameworksBuildPhase;
			buildActionMask = 2147483647;
			files = (
			);
			runOnlyForDeploymentPostprocessing = 0;
		};
		06BF49A62039045100EF5148 /* Frameworks */ = {
			isa = PBXFrameworksBuildPhase;
			buildActionMask = 2147483647;
			files = (
			);
			runOnlyForDeploymentPostprocessing = 0;
		};
/* End PBXFrameworksBuildPhase section */

/* Begin PBXGroup section */
		06BF49812039045100EF5148 = {
			isa = PBXGroup;
			children = (
				06BF498C2039045100EF5148 /* SlideshowApp */,
				06BF49A12039045100EF5148 /* SlideshowAppTests */,
				06BF49AC2039045100EF5148 /* SlideshowAppUITests */,
				06BF498B2039045100EF5148 /* Products */,
			);
			sourceTree = "<group>";
		};
		06BF498B2039045100EF5148 /* Products */ = {
			isa = PBXGroup;
			children = (
				06BF498A2039045100EF5148 /* SlideshowApp.app */,
				06BF499E2039045100EF5148 /* SlideshowAppTests.xctest */,
				06BF49A92039045100EF5148 /* SlideshowAppUITests.xctest */,
			);
			name = Products;
			sourceTree = "<group>";
		};
		06BF498C2039045100EF5148 /* SlideshowApp */ = {
			isa = PBXGroup;
			children = (
				06BF498D2039045100EF5148 /* AppDelegate.swift */,
				069F153820395663000CAE14 /* cat01.jpg */,
				069F153A2039567E000CAE14 /* cat02.jpg */,
				069F153C20395691000CAE14 /* cat03.jpg */,
				06BF498F2039045100EF5148 /* ViewController.swift */,
				068486BA20392CF3000ABAB2 /* cat04.jpg */,
				06BF49912039045100EF5148 /* Main.storyboard */,
				06BF49942039045100EF5148 /* Assets.xcassets */,
				06BF49962039045100EF5148 /* LaunchScreen.storyboard */,
				06BF49992039045100EF5148 /* Info.plist */,
				069F153E20398DC3000CAE14 /* zoomImageViewController.swift */,
			);
			path = SlideshowApp;
			sourceTree = "<group>";
		};
		06BF49A12039045100EF5148 /* SlideshowAppTests */ = {
			isa = PBXGroup;
			children = (
				06BF49A22039045100EF5148 /* SlideshowAppTests.swift */,
				06BF49A42039045100EF5148 /* Info.plist */,
			);
			path = SlideshowAppTests;
			sourceTree = "<group>";
		};
		06BF49AC2039045100EF5148 /* SlideshowAppUITests */ = {
			isa = PBXGroup;
			children = (
				06BF49AD2039045100EF5148 /* SlideshowAppUITests.swift */,
				06BF49AF2039045100EF5148 /* Info.plist */,
			);
			path = SlideshowAppUITests;
			sourceTree = "<group>";
		};
/* End PBXGroup section */

/* Begin PBXNativeTarget section */
		06BF49892039045100EF5148 /* SlideshowApp */ = {
			isa = PBXNativeTarget;
			buildConfigurationList = 06BF49B22039045100EF5148 /* Build configuration list for PBXNativeTarget "SlideshowApp" */;
			buildPhases = (
				06BF49862039045100EF5148 /* Sources */,
				06BF49872039045100EF5148 /* Frameworks */,
				06BF49882039045100EF5148 /* Resources */,
			);
			buildRules = (
			);
			dependencies = (
			);
			name = SlideshowApp;
			productName = SlidedhowApp;
			productReference = 06BF498A2039045100EF5148 /* SlideshowApp.app */;
			productType = "com.apple.product-type.application";
		};
		06BF499D2039045100EF5148 /* SlideshowAppTests */ = {
			isa = PBXNativeTarget;
			buildConfigurationList = 06BF49B52039045100EF5148 /* Build configuration list for PBXNativeTarget "SlideshowAppTests" */;
			buildPhases = (
				06BF499A2039045100EF5148 /* Sources */,
				06BF499B2039045100EF5148 /* Frameworks */,
				06BF499C2039045100EF5148 /* Resources */,
			);
			buildRules = (
			);
			dependencies = (
				06BF49A02039045100EF5148 /* PBXTargetDependency */,
			);
			name = SlideshowAppTests;
			productName = SlidedhowAppTests;
			productReference = 06BF499E2039045100EF5148 /* SlideshowAppTests.xctest */;
			productType = "com.apple.product-type.bundle.unit-test";
		};
		06BF49A82039045100EF5148 /* SlideshowAppUITests */ = {
			isa = PBXNativeTarget;
			buildConfigurationList = 06BF49B82039045100EF5148 /* Build configuration list for PBXNativeTarget "SlideshowAppUITests" */;
			buildPhases = (
				06BF49A52039045100EF5148 /* Sources */,
				06BF49A62039045100EF5148 /* Frameworks */,
				06BF49A72039045100EF5148 /* Resources */,
			);
			buildRules = (
			);
			dependencies = (
				06BF49AB2039045100EF5148 /* PBXTargetDependency */,
			);
			name = SlideshowAppUITests;
			productName = SlidedhowAppUITests;
			productReference = 06BF49A92039045100EF5148 /* SlideshowAppUITests.xctest */;
			productType = "com.apple.product-type.bundle.ui-testing";
		};
/* End PBXNativeTarget section */

/* Begin PBXProject section */
		06BF49822039045100EF5148 /* Project object */ = {
			isa = PBXProject;
			attributes = {
				LastSwiftUpdateCheck = 0920;
				LastUpgradeCheck = 0920;
				ORGANIZATIONNAME = asplate;
				TargetAttributes = {
					06BF49892039045100EF5148 = {
						CreatedOnToolsVersion = 9.2;
						ProvisioningStyle = Automatic;
					};
					06BF499D2039045100EF5148 = {
						CreatedOnToolsVersion = 9.2;
						ProvisioningStyle = Automatic;
						TestTargetID = 06BF49892039045100EF5148;
					};
					06BF49A82039045100EF5148 = {
						CreatedOnToolsVersion = 9.2;
						ProvisioningStyle = Automatic;
						TestTargetID = 06BF49892039045100EF5148;
					};
				};
			};
			buildConfigurationList = 06BF49852039045100EF5148 /* Build configuration list for PBXProject "SlideshowApp" */;
			compatibilityVersion = "Xcode 8.0";
			developmentRegion = en;
			hasScannedForEncodings = 0;
			knownRegions = (
				en,
				Base,
			);
			mainGroup = 06BF49812039045100EF5148;
			productRefGroup = 06BF498B2039045100EF5148 /* Products */;
			projectDirPath = "";
			projectRoot = "";
			targets = (
				06BF49892039045100EF5148 /* SlideshowApp */,
				06BF499D2039045100EF5148 /* SlideshowAppTests */,
				06BF49A82039045100EF5148 /* SlideshowAppUITests */,
			);
		};
/* End PBXProject section */

/* Begin PBXResourcesBuildPhase section */
		06BF49882039045100EF5148 /* Resources */ = {
			isa = PBXResourcesBuildPhase;
			buildActionMask = 2147483647;
			files = (
				06BF49982039045100EF5148 /* LaunchScreen.storyboard in Resources */,
				069F153B2039567E000CAE14 /* cat02.jpg in Resources */,
				069F153920395663000CAE14 /* cat01.jpg in Resources */,
				06BF49952039045100EF5148 /* Assets.xcassets in Resources */,
				06BF49932039045100EF5148 /* Main.storyboard in Resources */,
				068486BB20392CF4000ABAB2 /* cat04.jpg in Resources */,
				069F153D20395691000CAE14 /* cat03.jpg in Resources */,
			);
			runOnlyForDeploymentPostprocessing = 0;
		};
		06BF499C2039045100EF5148 /* Resources */ = {
			isa = PBXResourcesBuildPhase;
			buildActionMask = 2147483647;
			files = (
			);
			runOnlyForDeploymentPostprocessing = 0;
		};
		06BF49A72039045100EF5148 /* Resources */ = {
			isa = PBXResourcesBuildPhase;
			buildActionMask = 2147483647;
			files = (
			);
			runOnlyForDeploymentPostprocessing = 0;
		};
/* End PBXResourcesBuildPhase section */

/* Begin PBXSourcesBuildPhase section */
		06BF49862039045100EF5148 /* Sources */ = {
			isa = PBXSourcesBuildPhase;
			buildActionMask = 2147483647;
			files = (
				06BF49902039045100EF5148 /* ViewController.swift in Sources */,
				069F153F20398DC3000CAE14 /* zoomImageViewController.swift in Sources */,
				06BF498E2039045100EF5148 /* AppDelegate.swift in Sources */,
			);
			runOnlyForDeploymentPostprocessing = 0;
		};
		06BF499A2039045100EF5148 /* Sources */ = {
			isa = PBXSourcesBuildPhase;
			buildActionMask = 2147483647;
			files = (
				06BF49A32039045100EF5148 /* SlideshowAppTests.swift in Sources */,
			);
			runOnlyForDeploymentPostprocessing = 0;
		};
		06BF49A52039045100EF5148 /* Sources */ = {
			isa = PBXSourcesBuildPhase;
			buildActionMask = 2147483647;
			files = (
				06BF49AE2039045100EF5148 /* SlideshowAppUITests.swift in Sources */,
			);
			runOnlyForDeploymentPostprocessing = 0;
		};
/* End PBXSourcesBuildPhase section */

/* Begin PBXTargetDependency section */
		06BF49A02039045100EF5148 /* PBXTargetDependency */ = {
			isa = PBXTargetDependency;
			target = 06BF49892039045100EF5148 /* SlideshowApp */;
			targetProxy = 06BF499F2039045100EF5148 /* PBXContainerItemProxy */;
		};
		06BF49AB2039045100EF5148 /* PBXTargetDependency */ = {
			isa = PBXTargetDependency;
			target = 06BF49892039045100EF5148 /* SlideshowApp */;
			targetProxy = 06BF49AA2039045100EF5148 /* PBXContainerItemProxy */;
		};
/* End PBXTargetDependency section */

/* Begin PBXVariantGroup section */
		06BF49912039045100EF5148 /* Main.storyboard */ = {
			isa = PBXVariantGroup;
			children = (
				06BF49922039045100EF5148 /* Base */,
				06BF49C1203919A200EF5148 /* ja */,
			);
			name = Main.storyboard;
			sourceTree = "<group>";
		};
		06BF49962039045100EF5148 /* LaunchScreen.storyboard */ = {
			isa = PBXVariantGroup;
			children = (
				06BF49972039045100EF5148 /* Base */,
				06BF49C2203919A200EF5148 /* ja */,
			);
			name = LaunchScreen.storyboard;
			sourceTree = "<group>";
		};
/* End PBXVariantGroup section */

/* Begin XCBuildConfiguration section */
		06BF49B02039045100EF5148 /* Debug */ = {
			isa = XCBuildConfiguration;
			buildSettings = {
				ALWAYS_SEARCH_USER_PATHS = NO;
				CLANG_ANALYZER_LOCALIZABILITY_NONLOCALIZED = YES;
				CLANG_ANALYZER_NONNULL = YES;
				CLANG_ANALYZER_NUMBER_OBJECT_CONVERSION = YES_AGGRESSIVE;
				CLANG_CXX_LANGUAGE_STANDARD = "gnu++14";
				CLANG_CXX_LIBRARY = "libc++";
				CLANG_ENABLE_MODULES = YES;
				CLANG_ENABLE_OBJC_ARC = YES;
				CLANG_WARN_BLOCK_CAPTURE_AUTORELEASING = YES;
				CLANG_WARN_BOOL_CONVERSION = YES;
				CLANG_WARN_COMMA = YES;
				CLANG_WARN_CONSTANT_CONVERSION = YES;
				CLANG_WARN_DIRECT_OBJC_ISA_USAGE = YES_ERROR;
				CLANG_WARN_DOCUMENTATION_COMMENTS = YES;
				CLANG_WARN_EMPTY_BODY = YES;
				CLANG_WARN_ENUM_CONVERSION = YES;
				CLANG_WARN_INFINITE_RECURSION = YES;
				CLANG_WARN_INT_CONVERSION = YES;
				CLANG_WARN_NON_LITERAL_NULL_CONVERSION = YES;
				CLANG_WARN_OBJC_LITERAL_CONVERSION = YES;
				CLANG_WARN_OBJC_ROOT_CLASS = YES_ERROR;
				CLANG_WARN_RANGE_LOOP_ANALYSIS = YES;
				CLANG_WARN_STRICT_PROTOTYPES = YES;
				CLANG_WARN_SUSPICIOUS_MOVE = YES;
				CLANG_WARN_UNGUARDED_AVAILABILITY = YES_AGGRESSIVE;
				CLANG_WARN_UNREACHABLE_CODE = YES;
				CLANG_WARN__DUPLICATE_METHOD_MATCH = YES;
				CODE_SIGN_IDENTITY = "iPhone Developer";
				COPY_PHASE_STRIP = NO;
				DEBUG_INFORMATION_FORMAT = dwarf;
				ENABLE_STRICT_OBJC_MSGSEND = YES;
				ENABLE_TESTABILITY = YES;
				GCC_C_LANGUAGE_STANDARD = gnu11;
				GCC_DYNAMIC_NO_PIC = NO;
				GCC_NO_COMMON_BLOCKS = YES;
				GCC_OPTIMIZATION_LEVEL = 0;
				GCC_PREPROCESSOR_DEFINITIONS = (
					"DEBUG=1",
					"$(inherited)",
				);
				GCC_WARN_64_TO_32_BIT_CONVERSION = YES;
				GCC_WARN_ABOUT_RETURN_TYPE = YES_ERROR;
				GCC_WARN_UNDECLARED_SELECTOR = YES;
				GCC_WARN_UNINITIALIZED_AUTOS = YES_AGGRESSIVE;
				GCC_WARN_UNUSED_FUNCTION = YES;
				GCC_WARN_UNUSED_VARIABLE = YES;
				IPHONEOS_DEPLOYMENT_TARGET = 11.2;
				MTL_ENABLE_DEBUG_INFO = YES;
				ONLY_ACTIVE_ARCH = YES;
				SDKROOT = iphoneos;
				SWIFT_ACTIVE_COMPILATION_CONDITIONS = DEBUG;
				SWIFT_OPTIMIZATION_LEVEL = "-Onone";
			};
			name = Debug;
		};
		06BF49B12039045100EF5148 /* Release */ = {
			isa = XCBuildConfiguration;
			buildSettings = {
				ALWAYS_SEARCH_USER_PATHS = NO;
				CLANG_ANALYZER_LOCALIZABILITY_NONLOCALIZED = YES;
				CLANG_ANALYZER_NONNULL = YES;
				CLANG_ANALYZER_NUMBER_OBJECT_CONVERSION = YES_AGGRESSIVE;
				CLANG_CXX_LANGUAGE_STANDARD = "gnu++14";
				CLANG_CXX_LIBRARY = "libc++";
				CLANG_ENABLE_MODULES = YES;
				CLANG_ENABLE_OBJC_ARC = YES;
				CLANG_WARN_BLOCK_CAPTURE_AUTORELEASING = YES;
				CLANG_WARN_BOOL_CONVERSION = YES;
				CLANG_WARN_COMMA = YES;
				CLANG_WARN_CONSTANT_CONVERSION = YES;
				CLANG_WARN_DIRECT_OBJC_ISA_USAGE = YES_ERROR;
				CLANG_WARN_DOCUMENTATION_COMMENTS = YES;
				CLANG_WARN_EMPTY_BODY = YES;
				CLANG_WARN_ENUM_CONVERSION = YES;
				CLANG_WARN_INFINITE_RECURSION = YES;
				CLANG_WARN_INT_CONVERSION = YES;
				CLANG_WARN_NON_LITERAL_NULL_CONVERSION = YES;
				CLANG_WARN_OBJC_LITERAL_CONVERSION = YES;
				CLANG_WARN_OBJC_ROOT_CLASS = YES_ERROR;
				CLANG_WARN_RANGE_LOOP_ANALYSIS = YES;
				CLANG_WARN_STRICT_PROTOTYPES = YES;
				CLANG_WARN_SUSPICIOUS_MOVE = YES;
				CLANG_WARN_UNGUARDED_AVAILABILITY = YES_AGGRESSIVE;
				CLANG_WARN_UNREACHABLE_CODE = YES;
				CLANG_WARN__DUPLICATE_METHOD_MATCH = YES;
				CODE_SIGN_IDENTITY = "iPhone Developer";
				COPY_PHASE_STRIP = NO;
				DEBUG_INFORMATION_FORMAT = "dwarf-with-dsym";
				ENABLE_NS_ASSERTIONS = NO;
				ENABLE_STRICT_OBJC_MSGSEND = YES;
				GCC_C_LANGUAGE_STANDARD = gnu11;
				GCC_NO_COMMON_BLOCKS = YES;
				GCC_WARN_64_TO_32_BIT_CONVERSION = YES;
				GCC_WARN_ABOUT_RETURN_TYPE = YES_ERROR;
				GCC_WARN_UNDECLARED_SELECTOR = YES;
				GCC_WARN_UNINITIALIZED_AUTOS = YES_AGGRESSIVE;
				GCC_WARN_UNUSED_FUNCTION = YES;
				GCC_WARN_UNUSED_VARIABLE = YES;
				IPHONEOS_DEPLOYMENT_TARGET = 11.2;
				MTL_ENABLE_DEBUG_INFO = NO;
				SDKROOT = iphoneos;
				SWIFT_OPTIMIZATION_LEVEL = "-Owholemodule";
				VALIDATE_PRODUCT = YES;
			};
			name = Release;
		};
		06BF49B32039045100EF5148 /* Debug */ = {
			isa = XCBuildConfiguration;
			buildSettings = {
				ASSETCATALOG_COMPILER_APPICON_NAME = AppIcon;
				CODE_SIGN_STYLE = Automatic;
				INFOPLIST_FILE = SlideshowApp/Info.plist;
				LD_RUNPATH_SEARCH_PATHS = "$(inherited) @executable_path/Frameworks";
				PRODUCT_BUNDLE_IDENTIFIER = jp.techacademy.asplate.SlideshowApp;
				PRODUCT_NAME = "$(TARGET_NAME)";
				SWIFT_VERSION = 4.0;
				TARGETED_DEVICE_FAMILY = "1,2";
			};
			name = Debug;
		};
		06BF49B42039045100EF5148 /* Release */ = {
			isa = XCBuildConfiguration;
			buildSettings = {
				ASSETCATALOG_COMPILER_APPICON_NAME = AppIcon;
				CODE_SIGN_STYLE = Automatic;
				INFOPLIST_FILE = SlideshowApp/Info.plist;
				LD_RUNPATH_SEARCH_PATHS = "$(inherited) @executable_path/Frameworks";
				PRODUCT_BUNDLE_IDENTIFIER = jp.techacademy.asplate.SlideshowApp;
				PRODUCT_NAME = "$(TARGET_NAME)";
				SWIFT_VERSION = 4.0;
				TARGETED_DEVICE_FAMILY = "1,2";
			};
			name = Release;
		};
		06BF49B62039045100EF5148 /* Debug */ = {
			isa = XCBuildConfiguration;
			buildSettings = {
				ALWAYS_EMBED_SWIFT_STANDARD_LIBRARIES = YES;
				BUNDLE_LOADER = "$(TEST_HOST)";
				CODE_SIGN_STYLE = Automatic;
				INFOPLIST_FILE = SlideshowAppTests/Info.plist;
				LD_RUNPATH_SEARCH_PATHS = "$(inherited) @executable_path/Frameworks @loader_path/Frameworks";
				PRODUCT_BUNDLE_IDENTIFIER = jp.techacademy.asplate.SlideshowAppTests;
				PRODUCT_NAME = "$(TARGET_NAME)";
				SWIFT_VERSION = 4.0;
				TARGETED_DEVICE_FAMILY = "1,2";
				TEST_HOST = "$(BUILT_PRODUCTS_DIR)/SlideshowApp.app/SlideshowApp";
			};
			name = Debug;
		};
		06BF49B72039045100EF5148 /* Release */ = {
			isa = XCBuildConfiguration;
			buildSettings = {
				ALWAYS_EMBED_SWIFT_STANDARD_LIBRARIES = YES;
				BUNDLE_LOADER = "$(TEST_HOST)";
				CODE_SIGN_STYLE = Automatic;
				INFOPLIST_FILE = SlideshowAppTests/Info.plist;
				LD_RUNPATH_SEARCH_PATHS = "$(inherited) @executable_path/Frameworks @loader_path/Frameworks";
				PRODUCT_BUNDLE_IDENTIFIER = jp.techacademy.asplate.SlideshowAppTests;
				PRODUCT_NAME = "$(TARGET_NAME)";
				SWIFT_VERSION = 4.0;
				TARGETED_DEVICE_FAMILY = "1,2";
				TEST_HOST = "$(BUILT_PRODUCTS_DIR)/SlideshowApp.app/SlideshowApp";
			};
			name = Release;
		};
		06BF49B92039045100EF5148 /* Debug */ = {
			isa = XCBuildConfiguration;
			buildSettings = {
				ALWAYS_EMBED_SWIFT_STANDARD_LIBRARIES = YES;
				CODE_SIGN_STYLE = Automatic;
				INFOPLIST_FILE = SlideshowAppUITests/Info.plist;
				LD_RUNPATH_SEARCH_PATHS = "$(inherited) @executable_path/Frameworks @loader_path/Frameworks";
				PRODUCT_BUNDLE_IDENTIFIER = jp.techacademy.asplate.SlideshowAppUITests;
				PRODUCT_NAME = "$(TARGET_NAME)";
				SWIFT_VERSION = 4.0;
				TARGETED_DEVICE_FAMILY = "1,2";
				TEST_TARGET_NAME = SlidedhowApp;
			};
			name = Debug;
		};
		06BF49BA2039045100EF5148 /* Release */ = {
			isa = XCBuildConfiguration;
			buildSettings = {
				ALWAYS_EMBED_SWIFT_STANDARD_LIBRARIES = YES;
				CODE_SIGN_STYLE = Automatic;
				INFOPLIST_FILE = SlideshowAppUITests/Info.plist;
				LD_RUNPATH_SEARCH_PATHS = "$(inherited) @executable_path/Frameworks @loader_path/Frameworks";
				PRODUCT_BUNDLE_IDENTIFIER = jp.techacademy.asplate.SlideshowAppUITests;
				PRODUCT_NAME = "$(TARGET_NAME)";
				SWIFT_VERSION = 4.0;
				TARGETED_DEVICE_FAMILY = "1,2";
				TEST_TARGET_NAME = SlidedhowApp;
			};
			name = Release;
		};
/* End XCBuildConfiguration section */

/* Begin XCConfigurationList section */
		06BF49852039045100EF5148 /* Build configuration list for PBXProject "SlideshowApp" */ = {
			isa = XCConfigurationList;
			buildConfigurations = (
				06BF49B02039045100EF5148 /* Debug */,
				06BF49B12039045100EF5148 /* Release */,
			);
			defaultConfigurationIsVisible = 0;
			defaultConfigurationName = Release;
		};
		06BF49B22039045100EF5148 /* Build configuration list for PBXNativeTarget "SlideshowApp" */ = {
			isa = XCConfigurationList;
			buildConfigurations = (
				06BF49B32039045100EF5148 /* Debug */,
				06BF49B42039045100EF5148 /* Release */,
			);
			defaultConfigurationIsVisible = 0;
			defaultConfigurationName = Release;
		};
		06BF49B52039045100EF5148 /* Build configuration list for PBXNativeTarget "SlideshowAppTests" */ = {
			isa = XCConfigurationList;
			buildConfigurations = (
				06BF49B62039045100EF5148 /* Debug */,
				06BF49B72039045100EF5148 /* Release */,
			);
			defaultConfigurationIsVisible = 0;
			defaultConfigurationName = Release;
		};
		06BF49B82039045100EF5148 /* Build configuration list for PBXNativeTarget "SlideshowAppUITests" */ = {
			isa = XCConfigurationList;
			buildConfigurations = (
				06BF49B92039045100EF5148 /* Debug */,
				06BF49BA2039045100EF5148 /* Release */,
			);
			defaultConfigurationIsVisible = 0;
			defaultConfigurationName = Release;
		};
/* End XCConfigurationList section */
	};
	rootObject = 06BF49822039045100EF5148 /* Project object */;
}
